// !$*UTF8*$!
{
	archiveVersion = 1;
	classes = {
	};
	objectVersion = 56;
	objects = {

/* Begin PBXBuildFile section */
		6B3D123E2C1084860035491D /* ground-6.riv in Resources */ = {isa = PBXBuildFile; fileRef = 6B3D123D2C1084860035491D /* ground-6.riv */; };
		6B62433A2C0F45B400CBF9C9 /* Flappy_BirdApp.swift in Sources */ = {isa = PBXBuildFile; fileRef = 6B6243392C0F45B400CBF9C9 /* Flappy_BirdApp.swift */; };
		6B62433C2C0F45B400CBF9C9 /* ContentView.swift in Sources */ = {isa = PBXBuildFile; fileRef = 6B62433B2C0F45B400CBF9C9 /* ContentView.swift */; };
		6B62433E2C0F45B800CBF9C9 /* Assets.xcassets in Resources */ = {isa = PBXBuildFile; fileRef = 6B62433D2C0F45B800CBF9C9 /* Assets.xcassets */; };
		6B6243412C0F45B800CBF9C9 /* Preview Assets.xcassets in Resources */ = {isa = PBXBuildFile; fileRef = 6B6243402C0F45B800CBF9C9 /* Preview Assets.xcassets */; };
		6B6243482C0F461100CBF9C9 /* GameModel.swift in Sources */ = {isa = PBXBuildFile; fileRef = 6B6243472C0F461100CBF9C9 /* GameModel.swift */; };
		6B62434A2C0F4EAE00CBF9C9 /* BirdView.swift in Sources */ = {isa = PBXBuildFile; fileRef = 6B6243492C0F4EAE00CBF9C9 /* BirdView.swift */; };
		6B62434D2C0F4FE600CBF9C9 /* GroundView.swift in Sources */ = {isa = PBXBuildFile; fileRef = 6B62434C2C0F4FE600CBF9C9 /* GroundView.swift */; };
		6B62434F2C0F509800CBF9C9 /* CloudView.swift in Sources */ = {isa = PBXBuildFile; fileRef = 6B62434E2C0F509800CBF9C9 /* CloudView.swift */; };
		6B6243522C0F89DA00CBF9C9 /* RiveRuntime in Frameworks */ = {isa = PBXBuildFile; productRef = 6B6243512C0F89DA00CBF9C9 /* RiveRuntime */; };
		6B6243542C0F8D3D00CBF9C9 /* flying_bird.riv in Resources */ = {isa = PBXBuildFile; fileRef = 6B6243532C0F8D3D00CBF9C9 /* flying_bird.riv */; };
		6B62435F2C0FF7D500CBF9C9 /* button.wav in Resources */ = {isa = PBXBuildFile; fileRef = 6B62435D2C0FF7D500CBF9C9 /* button.wav */; };
		6B6243602C0FF7D500CBF9C9 /* crawler_jump.wav in Resources */ = {isa = PBXBuildFile; fileRef = 6B62435E2C0FF7D500CBF9C9 /* crawler_jump.wav */; };
		6B6243622C0FF84100CBF9C9 /* SoundManager.swift in Sources */ = {isa = PBXBuildFile; fileRef = 6B6243612C0FF84100CBF9C9 /* SoundManager.swift */; };
		6B6243642C0FF8A800CBF9C9 /* flyerdie.wav in Resources */ = {isa = PBXBuildFile; fileRef = 6B6243632C0FF8A800CBF9C9 /* flyerdie.wav */; };
		6B6243662C0FFAF700CBF9C9 /* bgm.mp3 in Resources */ = {isa = PBXBuildFile; fileRef = 6B6243652C0FFAF700CBF9C9 /* bgm.mp3 */; };
		6BB81BA32C122FC700DEDB4F /* SettingsView.swift in Sources */ = {isa = PBXBuildFile; fileRef = 6BB81BA22C122FC700DEDB4F /* SettingsView.swift */; };
		6BB81BA52C1231EE00DEDB4F /* UserSettings.swift in Sources */ = {isa = PBXBuildFile; fileRef = 6BB81BA42C1231EE00DEDB4F /* UserSettings.swift */; };
		6BB81BAC2C126A7A00DEDB4F /* SuperBoys.ttf in Resources */ = {isa = PBXBuildFile; fileRef = 6BB81BAB2C126A7A00DEDB4F /* SuperBoys.ttf */; };
		6BB81BAE2C126AA100DEDB4F /* AmberyGarden.ttf in Resources */ = {isa = PBXBuildFile; fileRef = 6BB81BAD2C126AA100DEDB4F /* AmberyGarden.ttf */; };
		6BB81BB02C126B9100DEDB4F /* DecemberShow.ttf in Resources */ = {isa = PBXBuildFile; fileRef = 6BB81BAF2C126B9100DEDB4F /* DecemberShow.ttf */; };
		6BBA2C1F2C11B3120078ED69 /* bounce.wav in Resources */ = {isa = PBXBuildFile; fileRef = 6BBA2C1E2C11B3120078ED69 /* bounce.wav */; };
		6BBA2C222C11B5760078ED69 /* TreeView.swift in Sources */ = {isa = PBXBuildFile; fileRef = 6BBA2C212C11B5760078ED69 /* TreeView.swift */; };
		6BBA2C242C11BC770078ED69 /* tree.riv in Resources */ = {isa = PBXBuildFile; fileRef = 6BBA2C232C11BC770078ED69 /* tree.riv */; };
/* End PBXBuildFile section */

/* Begin PBXFileReference section */
		6B3D123D2C1084860035491D /* ground-6.riv */ = {isa = PBXFileReference; lastKnownFileType = file; path = "ground-6.riv"; sourceTree = "<group>"; };
		6B6243362C0F45B400CBF9C9 /* Flappy Bird.app */ = {isa = PBXFileReference; explicitFileType = wrapper.application; includeInIndex = 0; path = "Flappy Bird.app"; sourceTree = BUILT_PRODUCTS_DIR; };
		6B6243392C0F45B400CBF9C9 /* Flappy_BirdApp.swift */ = {isa = PBXFileReference; lastKnownFileType = sourcecode.swift; path = Flappy_BirdApp.swift; sourceTree = "<group>"; };
		6B62433B2C0F45B400CBF9C9 /* ContentView.swift */ = {isa = PBXFileReference; lastKnownFileType = sourcecode.swift; path = ContentView.swift; sourceTree = "<group>"; };
		6B62433D2C0F45B800CBF9C9 /* Assets.xcassets */ = {isa = PBXFileReference; lastKnownFileType = folder.assetcatalog; path = Assets.xcassets; sourceTree = "<group>"; };
		6B6243402C0F45B800CBF9C9 /* Preview Assets.xcassets */ = {isa = PBXFileReference; lastKnownFileType = folder.assetcatalog; path = "Preview Assets.xcassets"; sourceTree = "<group>"; };
		6B6243472C0F461100CBF9C9 /* GameModel.swift */ = {isa = PBXFileReference; lastKnownFileType = sourcecode.swift; path = GameModel.swift; sourceTree = "<group>"; };
		6B6243492C0F4EAE00CBF9C9 /* BirdView.swift */ = {isa = PBXFileReference; lastKnownFileType = sourcecode.swift; path = BirdView.swift; sourceTree = "<group>"; };
		6B62434C2C0F4FE600CBF9C9 /* GroundView.swift */ = {isa = PBXFileReference; lastKnownFileType = sourcecode.swift; path = GroundView.swift; sourceTree = "<group>"; };
		6B62434E2C0F509800CBF9C9 /* CloudView.swift */ = {isa = PBXFileReference; lastKnownFileType = sourcecode.swift; path = CloudView.swift; sourceTree = "<group>"; };
		6B6243532C0F8D3D00CBF9C9 /* flying_bird.riv */ = {isa = PBXFileReference; lastKnownFileType = file; path = flying_bird.riv; sourceTree = "<group>"; };
		6B62435D2C0FF7D500CBF9C9 /* button.wav */ = {isa = PBXFileReference; lastKnownFileType = audio.wav; path = button.wav; sourceTree = "<group>"; };
		6B62435E2C0FF7D500CBF9C9 /* crawler_jump.wav */ = {isa = PBXFileReference; lastKnownFileType = audio.wav; path = crawler_jump.wav; sourceTree = "<group>"; };
		6B6243612C0FF84100CBF9C9 /* SoundManager.swift */ = {isa = PBXFileReference; lastKnownFileType = sourcecode.swift; path = SoundManager.swift; sourceTree = "<group>"; };
		6B6243632C0FF8A800CBF9C9 /* flyerdie.wav */ = {isa = PBXFileReference; lastKnownFileType = audio.wav; path = flyerdie.wav; sourceTree = "<group>"; };
		6B6243652C0FFAF700CBF9C9 /* bgm.mp3 */ = {isa = PBXFileReference; lastKnownFileType = audio.mp3; path = bgm.mp3; sourceTree = "<group>"; };
		6BB81BA22C122FC700DEDB4F /* SettingsView.swift */ = {isa = PBXFileReference; lastKnownFileType = sourcecode.swift; path = SettingsView.swift; sourceTree = "<group>"; };
		6BB81BA42C1231EE00DEDB4F /* UserSettings.swift */ = {isa = PBXFileReference; lastKnownFileType = sourcecode.swift; path = UserSettings.swift; sourceTree = "<group>"; };
		6BB81BA82C12670400DEDB4F /* Flappy-Bird-Info.plist */ = {isa = PBXFileReference; lastKnownFileType = text.plist; path = "Flappy-Bird-Info.plist"; sourceTree = SOURCE_ROOT; };
		6BB81BAB2C126A7A00DEDB4F /* SuperBoys.ttf */ = {isa = PBXFileReference; lastKnownFileType = file; path = SuperBoys.ttf; sourceTree = "<group>"; };
		6BB81BAD2C126AA100DEDB4F /* AmberyGarden.ttf */ = {isa = PBXFileReference; lastKnownFileType = file; path = AmberyGarden.ttf; sourceTree = "<group>"; };
		6BB81BAF2C126B9100DEDB4F /* DecemberShow.ttf */ = {isa = PBXFileReference; lastKnownFileType = file; path = DecemberShow.ttf; sourceTree = "<group>"; };
		6BBA2C1E2C11B3120078ED69 /* bounce.wav */ = {isa = PBXFileReference; lastKnownFileType = audio.wav; path = bounce.wav; sourceTree = "<group>"; };
		6BBA2C212C11B5760078ED69 /* TreeView.swift */ = {isa = PBXFileReference; lastKnownFileType = sourcecode.swift; path = TreeView.swift; sourceTree = "<group>"; };
		6BBA2C232C11BC770078ED69 /* tree.riv */ = {isa = PBXFileReference; lastKnownFileType = file; path = tree.riv; sourceTree = "<group>"; };
/* End PBXFileReference section */

/* Begin PBXFrameworksBuildPhase section */
		6B6243332C0F45B400CBF9C9 /* Frameworks */ = {
			isa = PBXFrameworksBuildPhase;
			buildActionMask = 2147483647;
			files = (
				6B6243522C0F89DA00CBF9C9 /* RiveRuntime in Frameworks */,
			);
			runOnlyForDeploymentPostprocessing = 0;
		};
/* End PBXFrameworksBuildPhase section */

/* Begin PBXGroup section */
		6B62432D2C0F45B400CBF9C9 = {
			isa = PBXGroup;
			children = (
				6B6243382C0F45B400CBF9C9 /* Flappy Bird */,
				6B6243372C0F45B400CBF9C9 /* Products */,
			);
			sourceTree = "<group>";
		};
		6B6243372C0F45B400CBF9C9 /* Products */ = {
			isa = PBXGroup;
			children = (
				6B6243362C0F45B400CBF9C9 /* Flappy Bird.app */,
			);
			name = Products;
			sourceTree = "<group>";
		};
		6B6243382C0F45B400CBF9C9 /* Flappy Bird */ = {
			isa = PBXGroup;
			children = (
				6BB81BA82C12670400DEDB4F /* Flappy-Bird-Info.plist */,
				6BB81BAB2C126A7A00DEDB4F /* SuperBoys.ttf */,
				6BB81BAF2C126B9100DEDB4F /* DecemberShow.ttf */,
				6BB81BAD2C126AA100DEDB4F /* AmberyGarden.ttf */,
				6B62435D2C0FF7D500CBF9C9 /* button.wav */,
				6B6243652C0FFAF700CBF9C9 /* bgm.mp3 */,
				6B6243632C0FF8A800CBF9C9 /* flyerdie.wav */,
				6B62435E2C0FF7D500CBF9C9 /* crawler_jump.wav */,
				6BBA2C1E2C11B3120078ED69 /* bounce.wav */,
				6B62434B2C0F4FC700CBF9C9 /* Views */,
				6B6243472C0F461100CBF9C9 /* GameModel.swift */,
				6B6243392C0F45B400CBF9C9 /* Flappy_BirdApp.swift */,
				6B62433D2C0F45B800CBF9C9 /* Assets.xcassets */,
				6BBA2C232C11BC770078ED69 /* tree.riv */,
				6B3D123D2C1084860035491D /* ground-6.riv */,
				6B6243532C0F8D3D00CBF9C9 /* flying_bird.riv */,
				6B62433F2C0F45B800CBF9C9 /* Preview Content */,
				6B6243612C0FF84100CBF9C9 /* SoundManager.swift */,
				6BB81BA42C1231EE00DEDB4F /* UserSettings.swift */,
			);
			path = "Flappy Bird";
			sourceTree = "<group>";
		};
		6B62433F2C0F45B800CBF9C9 /* Preview Content */ = {
			isa = PBXGroup;
			children = (
				6B6243402C0F45B800CBF9C9 /* Preview Assets.xcassets */,
			);
			path = "Preview Content";
			sourceTree = "<group>";
		};
		6B62434B2C0F4FC700CBF9C9 /* Views */ = {
			isa = PBXGroup;
			children = (
				6B6243492C0F4EAE00CBF9C9 /* BirdView.swift */,
				6B62433B2C0F45B400CBF9C9 /* ContentView.swift */,
				6B62434C2C0F4FE600CBF9C9 /* GroundView.swift */,
				6B62434E2C0F509800CBF9C9 /* CloudView.swift */,
				6BBA2C212C11B5760078ED69 /* TreeView.swift */,
				6BB81BA22C122FC700DEDB4F /* SettingsView.swift */,
			);
			path = Views;
			sourceTree = "<group>";
		};
/* End PBXGroup section */

/* Begin PBXNativeTarget section */
		6B6243352C0F45B400CBF9C9 /* Flappy Bird */ = {
			isa = PBXNativeTarget;
			buildConfigurationList = 6B6243442C0F45B800CBF9C9 /* Build configuration list for PBXNativeTarget "Flappy Bird" */;
			buildPhases = (
				6B6243322C0F45B400CBF9C9 /* Sources */,
				6B6243332C0F45B400CBF9C9 /* Frameworks */,
				6B6243342C0F45B400CBF9C9 /* Resources */,
			);
			buildRules = (
			);
			dependencies = (
			);
			name = "Flappy Bird";
			packageProductDependencies = (
				6B6243512C0F89DA00CBF9C9 /* RiveRuntime */,
			);
			productName = "Flappy Bird";
			productReference = 6B6243362C0F45B400CBF9C9 /* Flappy Bird.app */;
			productType = "com.apple.product-type.application";
		};
/* End PBXNativeTarget section */

/* Begin PBXProject section */
		6B62432E2C0F45B400CBF9C9 /* Project object */ = {
			isa = PBXProject;
			attributes = {
				BuildIndependentTargetsInParallel = 1;
				LastSwiftUpdateCheck = 1540;
				LastUpgradeCheck = 1540;
				TargetAttributes = {
					6B6243352C0F45B400CBF9C9 = {
						CreatedOnToolsVersion = 15.4;
					};
				};
			};
			buildConfigurationList = 6B6243312C0F45B400CBF9C9 /* Build configuration list for PBXProject "Flappy Bird" */;
			compatibilityVersion = "Xcode 14.0";
			developmentRegion = en;
			hasScannedForEncodings = 0;
			knownRegions = (
				en,
				Base,
			);
			mainGroup = 6B62432D2C0F45B400CBF9C9;
			packageReferences = (
				6B6243502C0F89DA00CBF9C9 /* XCRemoteSwiftPackageReference "rive-ios" */,
			);
			productRefGroup = 6B6243372C0F45B400CBF9C9 /* Products */;
			projectDirPath = "";
			projectRoot = "";
			targets = (
				6B6243352C0F45B400CBF9C9 /* Flappy Bird */,
			);
		};
/* End PBXProject section */

/* Begin PBXResourcesBuildPhase section */
		6B6243342C0F45B400CBF9C9 /* Resources */ = {
			isa = PBXResourcesBuildPhase;
			buildActionMask = 2147483647;
			files = (
				6B6243412C0F45B800CBF9C9 /* Preview Assets.xcassets in Resources */,
				6BB81BAC2C126A7A00DEDB4F /* SuperBoys.ttf in Resources */,
				6BBA2C1F2C11B3120078ED69 /* bounce.wav in Resources */,
				6B6243542C0F8D3D00CBF9C9 /* flying_bird.riv in Resources */,
				6B6243642C0FF8A800CBF9C9 /* flyerdie.wav in Resources */,
				6B3D123E2C1084860035491D /* ground-6.riv in Resources */,
				6B6243602C0FF7D500CBF9C9 /* crawler_jump.wav in Resources */,
				6B62435F2C0FF7D500CBF9C9 /* button.wav in Resources */,
				6BBA2C242C11BC770078ED69 /* tree.riv in Resources */,
				6B62433E2C0F45B800CBF9C9 /* Assets.xcassets in Resources */,
				6BB81BAE2C126AA100DEDB4F /* AmberyGarden.ttf in Resources */,
				6B6243662C0FFAF700CBF9C9 /* bgm.mp3 in Resources */,
				6BB81BB02C126B9100DEDB4F /* DecemberShow.ttf in Resources */,
			);
			runOnlyForDeploymentPostprocessing = 0;
		};
/* End PBXResourcesBuildPhase section */

/* Begin PBXSourcesBuildPhase section */
		6B6243322C0F45B400CBF9C9 /* Sources */ = {
			isa = PBXSourcesBuildPhase;
			buildActionMask = 2147483647;
			files = (
				6B62434F2C0F509800CBF9C9 /* CloudView.swift in Sources */,
				6B62433C2C0F45B400CBF9C9 /* ContentView.swift in Sources */,
				6B62434D2C0F4FE600CBF9C9 /* GroundView.swift in Sources */,
				6B62434A2C0F4EAE00CBF9C9 /* BirdView.swift in Sources */,
				6BB81BA32C122FC700DEDB4F /* SettingsView.swift in Sources */,
				6BBA2C222C11B5760078ED69 /* TreeView.swift in Sources */,
				6B62433A2C0F45B400CBF9C9 /* Flappy_BirdApp.swift in Sources */,
				6B6243622C0FF84100CBF9C9 /* SoundManager.swift in Sources */,
				6B6243482C0F461100CBF9C9 /* GameModel.swift in Sources */,
				6BB81BA52C1231EE00DEDB4F /* UserSettings.swift in Sources */,
			);
			runOnlyForDeploymentPostprocessing = 0;
		};
/* End PBXSourcesBuildPhase section */

/* Begin XCBuildConfiguration section */
		6B6243422C0F45B800CBF9C9 /* Debug */ = {
			isa = XCBuildConfiguration;
			buildSettings = {
				ALWAYS_SEARCH_USER_PATHS = NO;
				ASSETCATALOG_COMPILER_GENERATE_SWIFT_ASSET_SYMBOL_EXTENSIONS = YES;
				CLANG_ANALYZER_NONNULL = YES;
				CLANG_ANALYZER_NUMBER_OBJECT_CONVERSION = YES_AGGRESSIVE;
				CLANG_CXX_LANGUAGE_STANDARD = "gnu++20";
				CLANG_ENABLE_MODULES = YES;
				CLANG_ENABLE_OBJC_ARC = YES;
				CLANG_ENABLE_OBJC_WEAK = YES;
				CLANG_WARN_BLOCK_CAPTURE_AUTORELEASING = YES;
				CLANG_WARN_BOOL_CONVERSION = YES;
				CLANG_WARN_COMMA = YES;
				CLANG_WARN_CONSTANT_CONVERSION = YES;
				CLANG_WARN_DEPRECATED_OBJC_IMPLEMENTATIONS = YES;
				CLANG_WARN_DIRECT_OBJC_ISA_USAGE = YES_ERROR;
				CLANG_WARN_DOCUMENTATION_COMMENTS = YES;
				CLANG_WARN_EMPTY_BODY = YES;
				CLANG_WARN_ENUM_CONVERSION = YES;
				CLANG_WARN_INFINITE_RECURSION = YES;
				CLANG_WARN_INT_CONVERSION = YES;
				CLANG_WARN_NON_LITERAL_NULL_CONVERSION = YES;
				CLANG_WARN_OBJC_IMPLICIT_RETAIN_SELF = YES;
				CLANG_WARN_OBJC_LITERAL_CONVERSION = YES;
				CLANG_WARN_OBJC_ROOT_CLASS = YES_ERROR;
				CLANG_WARN_QUOTED_INCLUDE_IN_FRAMEWORK_HEADER = YES;
				CLANG_WARN_RANGE_LOOP_ANALYSIS = YES;
				CLANG_WARN_STRICT_PROTOTYPES = YES;
				CLANG_WARN_SUSPICIOUS_MOVE = YES;
				CLANG_WARN_UNGUARDED_AVAILABILITY = YES_AGGRESSIVE;
				CLANG_WARN_UNREACHABLE_CODE = YES;
				CLANG_WARN__DUPLICATE_METHOD_MATCH = YES;
				COPY_PHASE_STRIP = NO;
				DEBUG_INFORMATION_FORMAT = dwarf;
				ENABLE_STRICT_OBJC_MSGSEND = YES;
				ENABLE_TESTABILITY = YES;
				ENABLE_USER_SCRIPT_SANDBOXING = YES;
				GCC_C_LANGUAGE_STANDARD = gnu17;
				GCC_DYNAMIC_NO_PIC = NO;
				GCC_NO_COMMON_BLOCKS = YES;
				GCC_OPTIMIZATION_LEVEL = 0;
				GCC_PREPROCESSOR_DEFINITIONS = (
					"DEBUG=1",
					"$(inherited)",
				);
				GCC_WARN_64_TO_32_BIT_CONVERSION = YES;
				GCC_WARN_ABOUT_RETURN_TYPE = YES_ERROR;
				GCC_WARN_UNDECLARED_SELECTOR = YES;
				GCC_WARN_UNINITIALIZED_AUTOS = YES_AGGRESSIVE;
				GCC_WARN_UNUSED_FUNCTION = YES;
				GCC_WARN_UNUSED_VARIABLE = YES;
				IPHONEOS_DEPLOYMENT_TARGET = 17.5;
				LOCALIZATION_PREFERS_STRING_CATALOGS = YES;
				MTL_ENABLE_DEBUG_INFO = INCLUDE_SOURCE;
				MTL_FAST_MATH = YES;
				ONLY_ACTIVE_ARCH = YES;
				SDKROOT = iphoneos;
				SWIFT_ACTIVE_COMPILATION_CONDITIONS = "DEBUG $(inherited)";
				SWIFT_OPTIMIZATION_LEVEL = "-Onone";
			};
			name = Debug;
		};
		6B6243432C0F45B800CBF9C9 /* Release */ = {
			isa = XCBuildConfiguration;
			buildSettings = {
				ALWAYS_SEARCH_USER_PATHS = NO;
				ASSETCATALOG_COMPILER_GENERATE_SWIFT_ASSET_SYMBOL_EXTENSIONS = YES;
				CLANG_ANALYZER_NONNULL = YES;
				CLANG_ANALYZER_NUMBER_OBJECT_CONVERSION = YES_AGGRESSIVE;
				CLANG_CXX_LANGUAGE_STANDARD = "gnu++20";
				CLANG_ENABLE_MODULES = YES;
				CLANG_ENABLE_OBJC_ARC = YES;
				CLANG_ENABLE_OBJC_WEAK = YES;
				CLANG_WARN_BLOCK_CAPTURE_AUTORELEASING = YES;
				CLANG_WARN_BOOL_CONVERSION = YES;
				CLANG_WARN_COMMA = YES;
				CLANG_WARN_CONSTANT_CONVERSION = YES;
				CLANG_WARN_DEPRECATED_OBJC_IMPLEMENTATIONS = YES;
				CLANG_WARN_DIRECT_OBJC_ISA_USAGE = YES_ERROR;
				CLANG_WARN_DOCUMENTATION_COMMENTS = YES;
				CLANG_WARN_EMPTY_BODY = YES;
				CLANG_WARN_ENUM_CONVERSION = YES;
				CLANG_WARN_INFINITE_RECURSION = YES;
				CLANG_WARN_INT_CONVERSION = YES;
				CLANG_WARN_NON_LITERAL_NULL_CONVERSION = YES;
				CLANG_WARN_OBJC_IMPLICIT_RETAIN_SELF = YES;
				CLANG_WARN_OBJC_LITERAL_CONVERSION = YES;
				CLANG_WARN_OBJC_ROOT_CLASS = YES_ERROR;
				CLANG_WARN_QUOTED_INCLUDE_IN_FRAMEWORK_HEADER = YES;
				CLANG_WARN_RANGE_LOOP_ANALYSIS = YES;
				CLANG_WARN_STRICT_PROTOTYPES = YES;
				CLANG_WARN_SUSPICIOUS_MOVE = YES;
				CLANG_WARN_UNGUARDED_AVAILABILITY = YES_AGGRESSIVE;
				CLANG_WARN_UNREACHABLE_CODE = YES;
				CLANG_WARN__DUPLICATE_METHOD_MATCH = YES;
				COPY_PHASE_STRIP = NO;
				DEBUG_INFORMATION_FORMAT = "dwarf-with-dsym";
				ENABLE_NS_ASSERTIONS = NO;
				ENABLE_STRICT_OBJC_MSGSEND = YES;
				ENABLE_USER_SCRIPT_SANDBOXING = YES;
				GCC_C_LANGUAGE_STANDARD = gnu17;
				GCC_NO_COMMON_BLOCKS = YES;
				GCC_WARN_64_TO_32_BIT_CONVERSION = YES;
				GCC_WARN_ABOUT_RETURN_TYPE = YES_ERROR;
				GCC_WARN_UNDECLARED_SELECTOR = YES;
				GCC_WARN_UNINITIALIZED_AUTOS = YES_AGGRESSIVE;
				GCC_WARN_UNUSED_FUNCTION = YES;
				GCC_WARN_UNUSED_VARIABLE = YES;
				IPHONEOS_DEPLOYMENT_TARGET = 17.5;
				LOCALIZATION_PREFERS_STRING_CATALOGS = YES;
				MTL_ENABLE_DEBUG_INFO = NO;
				MTL_FAST_MATH = YES;
				SDKROOT = iphoneos;
				SWIFT_COMPILATION_MODE = wholemodule;
				VALIDATE_PRODUCT = YES;
			};
			name = Release;
		};
		6B6243452C0F45B800CBF9C9 /* Debug */ = {
			isa = XCBuildConfiguration;
			buildSettings = {
				ASSETCATALOG_COMPILER_APPICON_NAME = AppIcon;
				ASSETCATALOG_COMPILER_GLOBAL_ACCENT_COLOR_NAME = AccentColor;
				CODE_SIGN_STYLE = Automatic;
				CURRENT_PROJECT_VERSION = 1;
				DEVELOPMENT_ASSET_PATHS = "\"Flappy Bird/Preview Content\"";
				DEVELOPMENT_TEAM = K6623R3GP5;
				ENABLE_PREVIEWS = YES;
				GENERATE_INFOPLIST_FILE = YES;
				INFOPLIST_FILE = "Flappy-Bird-Info.plist";
				INFOPLIST_KEY_UIApplicationSceneManifest_Generation = YES;
				INFOPLIST_KEY_UIApplicationSupportsIndirectInputEvents = YES;
				INFOPLIST_KEY_UILaunchScreen_Generation = YES;
				INFOPLIST_KEY_UISupportedInterfaceOrientations_iPad = "UIInterfaceOrientationPortrait UIInterfaceOrientationPortraitUpsideDown UIInterfaceOrientationLandscapeLeft UIInterfaceOrientationLandscapeRight";
				INFOPLIST_KEY_UISupportedInterfaceOrientations_iPhone = "UIInterfaceOrientationPortrait UIInterfaceOrientationLandscapeLeft UIInterfaceOrientationLandscapeRight";
				LD_RUNPATH_SEARCH_PATHS = (
					"$(inherited)",
					"@executable_path/Frameworks",
				);
				MARKETING_VERSION = 1.0;
				PRODUCT_BUNDLE_IDENTIFIER = "flutterly.co.uk.Flappy-Bird";
				PRODUCT_NAME = "$(TARGET_NAME)";
				SWIFT_EMIT_LOC_STRINGS = YES;
				SWIFT_VERSION = 5.0;
				TARGETED_DEVICE_FAMILY = "1,2";
			};
			name = Debug;
		};
		6B6243462C0F45B800CBF9C9 /* Release */ = {
			isa = XCBuildConfiguration;
			buildSettings = {
				ASSETCATALOG_COMPILER_APPICON_NAME = AppIcon;
				ASSETCATALOG_COMPILER_GLOBAL_ACCENT_COLOR_NAME = AccentColor;
				CODE_SIGN_STYLE = Automatic;
				CURRENT_PROJECT_VERSION = 1;
				DEVELOPMENT_ASSET_PATHS = "\"Flappy Bird/Preview Content\"";
				DEVELOPMENT_TEAM = K6623R3GP5;
				ENABLE_PREVIEWS = YES;
				GENERATE_INFOPLIST_FILE = YES;
				INFOPLIST_FILE = "Flappy-Bird-Info.plist";
				INFOPLIST_KEY_UIApplicationSceneManifest_Generation = YES;
				INFOPLIST_KEY_UIApplicationSupportsIndirectInputEvents = YES;
				INFOPLIST_KEY_UILaunchScreen_Generation = YES;
				INFOPLIST_KEY_UISupportedInterfaceOrientations_iPad = "UIInterfaceOrientationPortrait UIInterfaceOrientationPortraitUpsideDown UIInterfaceOrientationLandscapeLeft UIInterfaceOrientationLandscapeRight";
				INFOPLIST_KEY_UISupportedInterfaceOrientations_iPhone = "UIInterfaceOrientationPortrait UIInterfaceOrientationLandscapeLeft UIInterfaceOrientationLandscapeRight";
				LD_RUNPATH_SEARCH_PATHS = (
					"$(inherited)",
					"@executable_path/Frameworks",
				);
				MARKETING_VERSION = 1.0;
				PRODUCT_BUNDLE_IDENTIFIER = "flutterly.co.uk.Flappy-Bird";
				PRODUCT_NAME = "$(TARGET_NAME)";
				SWIFT_EMIT_LOC_STRINGS = YES;
				SWIFT_VERSION = 5.0;
				TARGETED_DEVICE_FAMILY = "1,2";
			};
			name = Release;
		};
/* End XCBuildConfiguration section */

/* Begin XCConfigurationList section */
		6B6243312C0F45B400CBF9C9 /* Build configuration list for PBXProject "Flappy Bird" */ = {
			isa = XCConfigurationList;
			buildConfigurations = (
				6B6243422C0F45B800CBF9C9 /* Debug */,
				6B6243432C0F45B800CBF9C9 /* Release */,
			);
			defaultConfigurationIsVisible = 0;
			defaultConfigurationName = Release;
		};
		6B6243442C0F45B800CBF9C9 /* Build configuration list for PBXNativeTarget "Flappy Bird" */ = {
			isa = XCConfigurationList;
			buildConfigurations = (
				6B6243452C0F45B800CBF9C9 /* Debug */,
				6B6243462C0F45B800CBF9C9 /* Release */,
			);
			defaultConfigurationIsVisible = 0;
			defaultConfigurationName = Release;
		};
/* End XCConfigurationList section */

/* Begin XCRemoteSwiftPackageReference section */
		6B6243502C0F89DA00CBF9C9 /* XCRemoteSwiftPackageReference "rive-ios" */ = {
			isa = XCRemoteSwiftPackageReference;
			repositoryURL = "https://github.com/rive-app/rive-ios";
			requirement = {
				kind = upToNextMajorVersion;
				minimumVersion = 5.12.1;
			};
		};
/* End XCRemoteSwiftPackageReference section */

/* Begin XCSwiftPackageProductDependency section */
		6B6243512C0F89DA00CBF9C9 /* RiveRuntime */ = {
			isa = XCSwiftPackageProductDependency;
			package = 6B6243502C0F89DA00CBF9C9 /* XCRemoteSwiftPackageReference "rive-ios" */;
			productName = RiveRuntime;
		};
/* End XCSwiftPackageProductDependency section */
	};
	rootObject = 6B62432E2C0F45B400CBF9C9 /* Project object */;
}
